
Microsoft Visual Studio Solution File, Format Version 12.00
# Visual Studio Version 17
VisualStudioVersion = 17.6.33723.286
MinimumVisualStudioVersion = 10.0.40219.1
Project("{888888A0-9F3D-457C-B088-3A5042F75D52}") = "CreateQRtpPDF", "CreateQRtpPDF\CreateQRtpPDF.pyproj", "{AC728850-0F1B-420B-AD16-19A4CB59BAB1}"
EndProject
Global
	GlobalSection(SolutionConfigurationPlatforms) = preSolution
		Debug|Any CPU = Debug|Any CPU
		Release|Any CPU = Release|Any CPU
	EndGlobalSection
	GlobalSection(ProjectConfigurationPlatforms) = postSolution
		{AC728850-0F1B-420B-AD16-19A4CB59BAB1}.Debug|Any CPU.ActiveCfg = Debug|Any CPU
		{AC728850-0F1B-420B-AD16-19A4CB59BAB1}.Release|Any CPU.ActiveCfg = Release|Any CPU
	EndGlobalSection
	GlobalSection(SolutionProperties) = preSolution
		HideSolutionNode = FALSE
	EndGlobalSection
	GlobalSection(ExtensibilityGlobals) = postSolution
		SolutionGuid = {45E81F61-8301-4029-8216-0380A93D6A82}
	EndGlobalSection
EndGlobal
